
Microsoft Visual Studio Solution File, Format Version 12.00
# Visual Studio Version 17
VisualStudioVersion = 17.0.31919.166
MinimumVisualStudioVersion = 10.0.40219.1
Project("{2150E333-8FDC-42A3-9474-1A3956D46DE8}") = "src", "src", "{BDC6B5D8-DB0A-4C4A-BA0F-24631C90DCD7}"
EndProject
Project("{9A19103F-16F7-4668-BE54-9A1E7A4F7556}") = "PoC.Blazor.SSR.Client", "src\Client\PoC.Blazor.SSR.Client.csproj", "{6B488CAC-B16D-4AD9-88B6-95936390E1A7}"
EndProject
Project("{9A19103F-16F7-4668-BE54-9A1E7A4F7556}") = "PoC.Blazor.SSR.Server", "src\Server\PoC.Blazor.SSR.Server.csproj", "{534B2928-776E-41A0-8E4E-01CAA89EDCC6}"
EndProject
Project("{9A19103F-16F7-4668-BE54-9A1E7A4F7556}") = "PoC.Blazor.SSR.Shared", "src\Shared\PoC.Blazor.SSR.Shared.csproj", "{63A264AA-9346-49FC-B47F-96B9247D810F}"
EndProject
Project("{2150E333-8FDC-42A3-9474-1A3956D46DE8}") = "solution", "solution", "{4CE1D85B-707A-470D-B56D-4EEDB26817F9}"
	ProjectSection(SolutionItems) = preProject
		.dockerignore = .dockerignore
		.editorconfig = .editorconfig
		.gitattributes = .gitattributes
		.gitignore = .gitignore
		README.md = README.md
	EndProjectSection
EndProject
Global
	GlobalSection(SolutionConfigurationPlatforms) = preSolution
		Debug|Any CPU = Debug|Any CPU
		Release|Any CPU = Release|Any CPU
	EndGlobalSection
	GlobalSection(ProjectConfigurationPlatforms) = postSolution
		{6B488CAC-B16D-4AD9-88B6-95936390E1A7}.Debug|Any CPU.ActiveCfg = Debug|Any CPU
		{6B488CAC-B16D-4AD9-88B6-95936390E1A7}.Debug|Any CPU.Build.0 = Debug|Any CPU
		{6B488CAC-B16D-4AD9-88B6-95936390E1A7}.Release|Any CPU.ActiveCfg = Release|Any CPU
		{6B488CAC-B16D-4AD9-88B6-95936390E1A7}.Release|Any CPU.Build.0 = Release|Any CPU
		{534B2928-776E-41A0-8E4E-01CAA89EDCC6}.Debug|Any CPU.ActiveCfg = Debug|Any CPU
		{534B2928-776E-41A0-8E4E-01CAA89EDCC6}.Debug|Any CPU.Build.0 = Debug|Any CPU
		{534B2928-776E-41A0-8E4E-01CAA89EDCC6}.Release|Any CPU.ActiveCfg = Release|Any CPU
		{534B2928-776E-41A0-8E4E-01CAA89EDCC6}.Release|Any CPU.Build.0 = Release|Any CPU
		{63A264AA-9346-49FC-B47F-96B9247D810F}.Debug|Any CPU.ActiveCfg = Debug|Any CPU
		{63A264AA-9346-49FC-B47F-96B9247D810F}.Debug|Any CPU.Build.0 = Debug|Any CPU
		{63A264AA-9346-49FC-B47F-96B9247D810F}.Release|Any CPU.ActiveCfg = Release|Any CPU
		{63A264AA-9346-49FC-B47F-96B9247D810F}.Release|Any CPU.Build.0 = Release|Any CPU
	EndGlobalSection
	GlobalSection(SolutionProperties) = preSolution
		HideSolutionNode = FALSE
	EndGlobalSection
	GlobalSection(NestedProjects) = preSolution
		{6B488CAC-B16D-4AD9-88B6-95936390E1A7} = {BDC6B5D8-DB0A-4C4A-BA0F-24631C90DCD7}
		{534B2928-776E-41A0-8E4E-01CAA89EDCC6} = {BDC6B5D8-DB0A-4C4A-BA0F-24631C90DCD7}
		{63A264AA-9346-49FC-B47F-96B9247D810F} = {BDC6B5D8-DB0A-4C4A-BA0F-24631C90DCD7}
	EndGlobalSection
	GlobalSection(ExtensibilityGlobals) = postSolution
		SolutionGuid = {8E40CC48-E740-4B4C-B50F-01156041B873}
	EndGlobalSection
EndGlobal
